// !$*UTF8*$!
{
	archiveVersion = 1;
	classes = {
	};
	objectVersion = 50;
	objects = {

/* Begin PBXBuildFile section */
		F3228EFC272F3BBD008F635E /* BuscaVC.swift in Sources */ = {isa = PBXBuildFile; fileRef = F3228EFB272F3BBD008F635E /* BuscaVC.swift */; };
		F3228F06272F40EE008F635E /* BuscaCell.swift in Sources */ = {isa = PBXBuildFile; fileRef = F3228F05272F40EE008F635E /* BuscaCell.swift */; };
		F3228F0C272F4213008F635E /* UIView.swift in Sources */ = {isa = PBXBuildFile; fileRef = F3228F0B272F4213008F635E /* UIView.swift */; };
		F3228F19272F42FA008F635E /* UIImageView.swift in Sources */ = {isa = PBXBuildFile; fileRef = F3228F18272F42FA008F635E /* UIImageView.swift */; };
		F3228F1E272F4581008F635E /* UILabel.swift in Sources */ = {isa = PBXBuildFile; fileRef = F3228F1D272F4581008F635E /* UILabel.swift */; };
		F3228F23272F4BE1008F635E /* UIButton.swift in Sources */ = {isa = PBXBuildFile; fileRef = F3228F22272F4BE1008F635E /* UIButton.swift */; };
		F3228F28272F4CB8008F635E /* UIColor.swift in Sources */ = {isa = PBXBuildFile; fileRef = F3228F27272F4CB8008F635E /* UIColor.swift */; };
		F38F2363271B69B9000C5688 /* AppDelegate.swift in Sources */ = {isa = PBXBuildFile; fileRef = F38F2362271B69B9000C5688 /* AppDelegate.swift */; };
		F38F2365271B69B9000C5688 /* SceneDelegate.swift in Sources */ = {isa = PBXBuildFile; fileRef = F38F2364271B69B9000C5688 /* SceneDelegate.swift */; };
		F38F2367271B69B9000C5688 /* ViewController.swift in Sources */ = {isa = PBXBuildFile; fileRef = F38F2366271B69B9000C5688 /* ViewController.swift */; };
		F38F236A271B69B9000C5688 /* Main.storyboard in Resources */ = {isa = PBXBuildFile; fileRef = F38F2368271B69B9000C5688 /* Main.storyboard */; };
		F38F236C271B69C4000C5688 /* Assets.xcassets in Resources */ = {isa = PBXBuildFile; fileRef = F38F236B271B69C4000C5688 /* Assets.xcassets */; };
		F38F236F271B69C4000C5688 /* LaunchScreen.storyboard in Resources */ = {isa = PBXBuildFile; fileRef = F38F236D271B69C4000C5688 /* LaunchScreen.storyboard */; };
		F38F237A271B69C5000C5688 /* AppStoreTests.swift in Sources */ = {isa = PBXBuildFile; fileRef = F38F2379271B69C5000C5688 /* AppStoreTests.swift */; };
		F38F2385271B69C5000C5688 /* AppStoreUITests.swift in Sources */ = {isa = PBXBuildFile; fileRef = F38F2384271B69C5000C5688 /* AppStoreUITests.swift */; };
		F3D9509A272ECA7E00F76ADA /* BaseTabBarVC.swift in Sources */ = {isa = PBXBuildFile; fileRef = F3D95099272ECA7E00F76ADA /* BaseTabBarVC.swift */; };
/* End PBXBuildFile section */

/* Begin PBXContainerItemProxy section */
		F38F2376271B69C5000C5688 /* PBXContainerItemProxy */ = {
			isa = PBXContainerItemProxy;
			containerPortal = F38F2357271B69B9000C5688 /* Project object */;
			proxyType = 1;
			remoteGlobalIDString = F38F235E271B69B9000C5688;
			remoteInfo = AppStore;
		};
		F38F2381271B69C5000C5688 /* PBXContainerItemProxy */ = {
			isa = PBXContainerItemProxy;
			containerPortal = F38F2357271B69B9000C5688 /* Project object */;
			proxyType = 1;
			remoteGlobalIDString = F38F235E271B69B9000C5688;
			remoteInfo = AppStore;
		};
/* End PBXContainerItemProxy section */

/* Begin PBXFileReference section */
		F3228EFB272F3BBD008F635E /* BuscaVC.swift */ = {isa = PBXFileReference; lastKnownFileType = sourcecode.swift; path = BuscaVC.swift; sourceTree = "<group>"; };
		F3228F05272F40EE008F635E /* BuscaCell.swift */ = {isa = PBXFileReference; lastKnownFileType = sourcecode.swift; path = BuscaCell.swift; sourceTree = "<group>"; };
		F3228F0B272F4213008F635E /* UIView.swift */ = {isa = PBXFileReference; fileEncoding = 4; lastKnownFileType = sourcecode.swift; name = UIView.swift; path = ../../../../../Downloads/UIView.swift; sourceTree = "<group>"; };
		F3228F18272F42FA008F635E /* UIImageView.swift */ = {isa = PBXFileReference; lastKnownFileType = sourcecode.swift; path = UIImageView.swift; sourceTree = "<group>"; };
		F3228F1D272F4581008F635E /* UILabel.swift */ = {isa = PBXFileReference; lastKnownFileType = sourcecode.swift; path = UILabel.swift; sourceTree = "<group>"; };
		F3228F22272F4BE1008F635E /* UIButton.swift */ = {isa = PBXFileReference; lastKnownFileType = sourcecode.swift; path = UIButton.swift; sourceTree = "<group>"; };
		F3228F27272F4CB8008F635E /* UIColor.swift */ = {isa = PBXFileReference; lastKnownFileType = sourcecode.swift; path = UIColor.swift; sourceTree = "<group>"; };
		F38F235F271B69B9000C5688 /* AppStore.app */ = {isa = PBXFileReference; explicitFileType = wrapper.application; includeInIndex = 0; path = AppStore.app; sourceTree = BUILT_PRODUCTS_DIR; };
		F38F2362271B69B9000C5688 /* AppDelegate.swift */ = {isa = PBXFileReference; lastKnownFileType = sourcecode.swift; path = AppDelegate.swift; sourceTree = "<group>"; };
		F38F2364271B69B9000C5688 /* SceneDelegate.swift */ = {isa = PBXFileReference; lastKnownFileType = sourcecode.swift; path = SceneDelegate.swift; sourceTree = "<group>"; };
		F38F2366271B69B9000C5688 /* ViewController.swift */ = {isa = PBXFileReference; lastKnownFileType = sourcecode.swift; path = ViewController.swift; sourceTree = "<group>"; };
		F38F2369271B69B9000C5688 /* Base */ = {isa = PBXFileReference; lastKnownFileType = file.storyboard; name = Base; path = Base.lproj/Main.storyboard; sourceTree = "<group>"; };
		F38F236B271B69C4000C5688 /* Assets.xcassets */ = {isa = PBXFileReference; lastKnownFileType = folder.assetcatalog; path = Assets.xcassets; sourceTree = "<group>"; };
		F38F236E271B69C4000C5688 /* Base */ = {isa = PBXFileReference; lastKnownFileType = file.storyboard; name = Base; path = Base.lproj/LaunchScreen.storyboard; sourceTree = "<group>"; };
		F38F2370271B69C4000C5688 /* Info.plist */ = {isa = PBXFileReference; lastKnownFileType = text.plist.xml; path = Info.plist; sourceTree = "<group>"; };
		F38F2375271B69C5000C5688 /* AppStoreTests.xctest */ = {isa = PBXFileReference; explicitFileType = wrapper.cfbundle; includeInIndex = 0; path = AppStoreTests.xctest; sourceTree = BUILT_PRODUCTS_DIR; };
		F38F2379271B69C5000C5688 /* AppStoreTests.swift */ = {isa = PBXFileReference; lastKnownFileType = sourcecode.swift; path = AppStoreTests.swift; sourceTree = "<group>"; };
		F38F237B271B69C5000C5688 /* Info.plist */ = {isa = PBXFileReference; lastKnownFileType = text.plist.xml; path = Info.plist; sourceTree = "<group>"; };
		F38F2380271B69C5000C5688 /* AppStoreUITests.xctest */ = {isa = PBXFileReference; explicitFileType = wrapper.cfbundle; includeInIndex = 0; path = AppStoreUITests.xctest; sourceTree = BUILT_PRODUCTS_DIR; };
		F38F2384271B69C5000C5688 /* AppStoreUITests.swift */ = {isa = PBXFileReference; lastKnownFileType = sourcecode.swift; path = AppStoreUITests.swift; sourceTree = "<group>"; };
		F38F2386271B69C5000C5688 /* Info.plist */ = {isa = PBXFileReference; lastKnownFileType = text.plist.xml; path = Info.plist; sourceTree = "<group>"; };
		F3D95099272ECA7E00F76ADA /* BaseTabBarVC.swift */ = {isa = PBXFileReference; lastKnownFileType = sourcecode.swift; path = BaseTabBarVC.swift; sourceTree = "<group>"; };
/* End PBXFileReference section */

/* Begin PBXFrameworksBuildPhase section */
		F38F235C271B69B9000C5688 /* Frameworks */ = {
			isa = PBXFrameworksBuildPhase;
			buildActionMask = 2147483647;
			files = (
			);
			runOnlyForDeploymentPostprocessing = 0;
		};
		F38F2372271B69C5000C5688 /* Frameworks */ = {
			isa = PBXFrameworksBuildPhase;
			buildActionMask = 2147483647;
			files = (
			);
			runOnlyForDeploymentPostprocessing = 0;
		};
		F38F237D271B69C5000C5688 /* Frameworks */ = {
			isa = PBXFrameworksBuildPhase;
			buildActionMask = 2147483647;
			files = (
			);
			runOnlyForDeploymentPostprocessing = 0;
		};
/* End PBXFrameworksBuildPhase section */

/* Begin PBXGroup section */
		F3228F03272F40A4008F635E /* View */ = {
			isa = PBXGroup;
			children = (
				F3228F04272F40B1008F635E /* Busca */,
			);
			path = View;
			sourceTree = "<group>";
		};
		F3228F04272F40B1008F635E /* Busca */ = {
			isa = PBXGroup;
			children = (
				F3228F05272F40EE008F635E /* BuscaCell.swift */,
			);
			path = Busca;
			sourceTree = "<group>";
		};
		F3228F0A272F41B2008F635E /* Lib */ = {
			isa = PBXGroup;
			children = (
				F3228F0B272F4213008F635E /* UIView.swift */,
				F3228F18272F42FA008F635E /* UIImageView.swift */,
				F3228F1D272F4581008F635E /* UILabel.swift */,
				F3228F22272F4BE1008F635E /* UIButton.swift */,
				F3228F27272F4CB8008F635E /* UIColor.swift */,
			);
			path = Lib;
			sourceTree = "<group>";
		};
		F38F2356271B69B9000C5688 = {
			isa = PBXGroup;
			children = (
				F38F2361271B69B9000C5688 /* AppStore */,
				F38F2378271B69C5000C5688 /* AppStoreTests */,
				F38F2383271B69C5000C5688 /* AppStoreUITests */,
				F38F2360271B69B9000C5688 /* Products */,
			);
			sourceTree = "<group>";
		};
		F38F2360271B69B9000C5688 /* Products */ = {
			isa = PBXGroup;
			children = (
				F38F235F271B69B9000C5688 /* AppStore.app */,
				F38F2375271B69C5000C5688 /* AppStoreTests.xctest */,
				F38F2380271B69C5000C5688 /* AppStoreUITests.xctest */,
			);
			name = Products;
			sourceTree = "<group>";
		};
		F38F2361271B69B9000C5688 /* AppStore */ = {
			isa = PBXGroup;
			children = (
				F3228F0A272F41B2008F635E /* Lib */,
				F3228F03272F40A4008F635E /* View */,
				F3D95098272ECA2600F76ADA /* Controller */,
				F38F2362271B69B9000C5688 /* AppDelegate.swift */,
				F38F2364271B69B9000C5688 /* SceneDelegate.swift */,
				F38F2366271B69B9000C5688 /* ViewController.swift */,
				F38F2368271B69B9000C5688 /* Main.storyboard */,
				F38F236B271B69C4000C5688 /* Assets.xcassets */,
				F38F236D271B69C4000C5688 /* LaunchScreen.storyboard */,
				F38F2370271B69C4000C5688 /* Info.plist */,
			);
			path = AppStore;
			sourceTree = "<group>";
		};
		F38F2378271B69C5000C5688 /* AppStoreTests */ = {
			isa = PBXGroup;
			children = (
				F38F2379271B69C5000C5688 /* AppStoreTests.swift */,
				F38F237B271B69C5000C5688 /* Info.plist */,
			);
			path = AppStoreTests;
			sourceTree = "<group>";
		};
		F38F2383271B69C5000C5688 /* AppStoreUITests */ = {
			isa = PBXGroup;
			children = (
				F38F2384271B69C5000C5688 /* AppStoreUITests.swift */,
				F38F2386271B69C5000C5688 /* Info.plist */,
			);
			path = AppStoreUITests;
			sourceTree = "<group>";
		};
		F3D95098272ECA2600F76ADA /* Controller */ = {
			isa = PBXGroup;
			children = (
				F3D950A1272ED23500F76ADA /* Busca */,
				F3D95099272ECA7E00F76ADA /* BaseTabBarVC.swift */,
			);
			path = Controller;
			sourceTree = "<group>";
		};
		F3D950A1272ED23500F76ADA /* Busca */ = {
			isa = PBXGroup;
			children = (
				F3228EFB272F3BBD008F635E /* BuscaVC.swift */,
			);
			path = Busca;
			sourceTree = "<group>";
		};
/* End PBXGroup section */

/* Begin PBXNativeTarget section */
		F38F235E271B69B9000C5688 /* AppStore */ = {
			isa = PBXNativeTarget;
			buildConfigurationList = F38F2389271B69C5000C5688 /* Build configuration list for PBXNativeTarget "AppStore" */;
			buildPhases = (
				F38F235B271B69B9000C5688 /* Sources */,
				F38F235C271B69B9000C5688 /* Frameworks */,
				F38F235D271B69B9000C5688 /* Resources */,
			);
			buildRules = (
			);
			dependencies = (
			);
			name = AppStore;
			productName = AppStore;
			productReference = F38F235F271B69B9000C5688 /* AppStore.app */;
			productType = "com.apple.product-type.application";
		};
		F38F2374271B69C5000C5688 /* AppStoreTests */ = {
			isa = PBXNativeTarget;
			buildConfigurationList = F38F238C271B69C5000C5688 /* Build configuration list for PBXNativeTarget "AppStoreTests" */;
			buildPhases = (
				F38F2371271B69C5000C5688 /* Sources */,
				F38F2372271B69C5000C5688 /* Frameworks */,
				F38F2373271B69C5000C5688 /* Resources */,
			);
			buildRules = (
			);
			dependencies = (
				F38F2377271B69C5000C5688 /* PBXTargetDependency */,
			);
			name = AppStoreTests;
			productName = AppStoreTests;
			productReference = F38F2375271B69C5000C5688 /* AppStoreTests.xctest */;
			productType = "com.apple.product-type.bundle.unit-test";
		};
		F38F237F271B69C5000C5688 /* AppStoreUITests */ = {
			isa = PBXNativeTarget;
			buildConfigurationList = F38F238F271B69C5000C5688 /* Build configuration list for PBXNativeTarget "AppStoreUITests" */;
			buildPhases = (
				F38F237C271B69C5000C5688 /* Sources */,
				F38F237D271B69C5000C5688 /* Frameworks */,
				F38F237E271B69C5000C5688 /* Resources */,
			);
			buildRules = (
			);
			dependencies = (
				F38F2382271B69C5000C5688 /* PBXTargetDependency */,
			);
			name = AppStoreUITests;
			productName = AppStoreUITests;
			productReference = F38F2380271B69C5000C5688 /* AppStoreUITests.xctest */;
			productType = "com.apple.product-type.bundle.ui-testing";
		};
/* End PBXNativeTarget section */

/* Begin PBXProject section */
		F38F2357271B69B9000C5688 /* Project object */ = {
			isa = PBXProject;
			attributes = {
				LastSwiftUpdateCheck = 1240;
				LastUpgradeCheck = 1240;
				TargetAttributes = {
					F38F235E271B69B9000C5688 = {
						CreatedOnToolsVersion = 12.4;
					};
					F38F2374271B69C5000C5688 = {
						CreatedOnToolsVersion = 12.4;
						TestTargetID = F38F235E271B69B9000C5688;
					};
					F38F237F271B69C5000C5688 = {
						CreatedOnToolsVersion = 12.4;
						TestTargetID = F38F235E271B69B9000C5688;
					};
				};
			};
			buildConfigurationList = F38F235A271B69B9000C5688 /* Build configuration list for PBXProject "AppStore" */;
			compatibilityVersion = "Xcode 9.3";
			developmentRegion = en;
			hasScannedForEncodings = 0;
			knownRegions = (
				en,
				Base,
			);
			mainGroup = F38F2356271B69B9000C5688;
			productRefGroup = F38F2360271B69B9000C5688 /* Products */;
			projectDirPath = "";
			projectRoot = "";
			targets = (
				F38F235E271B69B9000C5688 /* AppStore */,
				F38F2374271B69C5000C5688 /* AppStoreTests */,
				F38F237F271B69C5000C5688 /* AppStoreUITests */,
			);
		};
/* End PBXProject section */

/* Begin PBXResourcesBuildPhase section */
		F38F235D271B69B9000C5688 /* Resources */ = {
			isa = PBXResourcesBuildPhase;
			buildActionMask = 2147483647;
			files = (
				F38F236F271B69C4000C5688 /* LaunchScreen.storyboard in Resources */,
				F38F236C271B69C4000C5688 /* Assets.xcassets in Resources */,
				F38F236A271B69B9000C5688 /* Main.storyboard in Resources */,
			);
			runOnlyForDeploymentPostprocessing = 0;
		};
		F38F2373271B69C5000C5688 /* Resources */ = {
			isa = PBXResourcesBuildPhase;
			buildActionMask = 2147483647;
			files = (
			);
			runOnlyForDeploymentPostprocessing = 0;
		};
		F38F237E271B69C5000C5688 /* Resources */ = {
			isa = PBXResourcesBuildPhase;
			buildActionMask = 2147483647;
			files = (
			);
			runOnlyForDeploymentPostprocessing = 0;
		};
/* End PBXResourcesBuildPhase section */

/* Begin PBXSourcesBuildPhase section */
		F38F235B271B69B9000C5688 /* Sources */ = {
			isa = PBXSourcesBuildPhase;
			buildActionMask = 2147483647;
			files = (
				F3228F19272F42FA008F635E /* UIImageView.swift in Sources */,
				F3228F06272F40EE008F635E /* BuscaCell.swift in Sources */,
				F38F2367271B69B9000C5688 /* ViewController.swift in Sources */,
				F3D9509A272ECA7E00F76ADA /* BaseTabBarVC.swift in Sources */,
				F3228F1E272F4581008F635E /* UILabel.swift in Sources */,
				F3228F23272F4BE1008F635E /* UIButton.swift in Sources */,
				F3228F0C272F4213008F635E /* UIView.swift in Sources */,
				F3228F28272F4CB8008F635E /* UIColor.swift in Sources */,
				F38F2363271B69B9000C5688 /* AppDelegate.swift in Sources */,
				F38F2365271B69B9000C5688 /* SceneDelegate.swift in Sources */,
				F3228EFC272F3BBD008F635E /* BuscaVC.swift in Sources */,
			);
			runOnlyForDeploymentPostprocessing = 0;
		};
		F38F2371271B69C5000C5688 /* Sources */ = {
			isa = PBXSourcesBuildPhase;
			buildActionMask = 2147483647;
			files = (
				F38F237A271B69C5000C5688 /* AppStoreTests.swift in Sources */,
			);
			runOnlyForDeploymentPostprocessing = 0;
		};
		F38F237C271B69C5000C5688 /* Sources */ = {
			isa = PBXSourcesBuildPhase;
			buildActionMask = 2147483647;
			files = (
				F38F2385271B69C5000C5688 /* AppStoreUITests.swift in Sources */,
			);
			runOnlyForDeploymentPostprocessing = 0;
		};
/* End PBXSourcesBuildPhase section */

/* Begin PBXTargetDependency section */
		F38F2377271B69C5000C5688 /* PBXTargetDependency */ = {
			isa = PBXTargetDependency;
			target = F38F235E271B69B9000C5688 /* AppStore */;
			targetProxy = F38F2376271B69C5000C5688 /* PBXContainerItemProxy */;
		};
		F38F2382271B69C5000C5688 /* PBXTargetDependency */ = {
			isa = PBXTargetDependency;
			target = F38F235E271B69B9000C5688 /* AppStore */;
			targetProxy = F38F2381271B69C5000C5688 /* PBXContainerItemProxy */;
		};
/* End PBXTargetDependency section */

/* Begin PBXVariantGroup section */
		F38F2368271B69B9000C5688 /* Main.storyboard */ = {
			isa = PBXVariantGroup;
			children = (
				F38F2369271B69B9000C5688 /* Base */,
			);
			name = Main.storyboard;
			sourceTree = "<group>";
		};
		F38F236D271B69C4000C5688 /* LaunchScreen.storyboard */ = {
			isa = PBXVariantGroup;
			children = (
				F38F236E271B69C4000C5688 /* Base */,
			);
			name = LaunchScreen.storyboard;
			sourceTree = "<group>";
		};
/* End PBXVariantGroup section */

/* Begin XCBuildConfiguration section */
		F38F2387271B69C5000C5688 /* Debug */ = {
			isa = XCBuildConfiguration;
			buildSettings = {
				ALWAYS_SEARCH_USER_PATHS = NO;
				CLANG_ANALYZER_NONNULL = YES;
				CLANG_ANALYZER_NUMBER_OBJECT_CONVERSION = YES_AGGRESSIVE;
				CLANG_CXX_LANGUAGE_STANDARD = "gnu++14";
				CLANG_CXX_LIBRARY = "libc++";
				CLANG_ENABLE_MODULES = YES;
				CLANG_ENABLE_OBJC_ARC = YES;
				CLANG_ENABLE_OBJC_WEAK = YES;
				CLANG_WARN_BLOCK_CAPTURE_AUTORELEASING = YES;
				CLANG_WARN_BOOL_CONVERSION = YES;
				CLANG_WARN_COMMA = YES;
				CLANG_WARN_CONSTANT_CONVERSION = YES;
				CLANG_WARN_DEPRECATED_OBJC_IMPLEMENTATIONS = YES;
				CLANG_WARN_DIRECT_OBJC_ISA_USAGE = YES_ERROR;
				CLANG_WARN_DOCUMENTATION_COMMENTS = YES;
				CLANG_WARN_EMPTY_BODY = YES;
				CLANG_WARN_ENUM_CONVERSION = YES;
				CLANG_WARN_INFINITE_RECURSION = YES;
				CLANG_WARN_INT_CONVERSION = YES;
				CLANG_WARN_NON_LITERAL_NULL_CONVERSION = YES;
				CLANG_WARN_OBJC_IMPLICIT_RETAIN_SELF = YES;
				CLANG_WARN_OBJC_LITERAL_CONVERSION = YES;
				CLANG_WARN_OBJC_ROOT_CLASS = YES_ERROR;
				CLANG_WARN_QUOTED_INCLUDE_IN_FRAMEWORK_HEADER = YES;
				CLANG_WARN_RANGE_LOOP_ANALYSIS = YES;
				CLANG_WARN_STRICT_PROTOTYPES = YES;
				CLANG_WARN_SUSPICIOUS_MOVE = YES;
				CLANG_WARN_UNGUARDED_AVAILABILITY = YES_AGGRESSIVE;
				CLANG_WARN_UNREACHABLE_CODE = YES;
				CLANG_WARN__DUPLICATE_METHOD_MATCH = YES;
				COPY_PHASE_STRIP = NO;
				DEBUG_INFORMATION_FORMAT = dwarf;
				ENABLE_STRICT_OBJC_MSGSEND = YES;
				ENABLE_TESTABILITY = YES;
				GCC_C_LANGUAGE_STANDARD = gnu11;
				GCC_DYNAMIC_NO_PIC = NO;
				GCC_NO_COMMON_BLOCKS = YES;
				GCC_OPTIMIZATION_LEVEL = 0;
				GCC_PREPROCESSOR_DEFINITIONS = (
					"DEBUG=1",
					"$(inherited)",
				);
				GCC_WARN_64_TO_32_BIT_CONVERSION = YES;
				GCC_WARN_ABOUT_RETURN_TYPE = YES_ERROR;
				GCC_WARN_UNDECLARED_SELECTOR = YES;
				GCC_WARN_UNINITIALIZED_AUTOS = YES_AGGRESSIVE;
				GCC_WARN_UNUSED_FUNCTION = YES;
				GCC_WARN_UNUSED_VARIABLE = YES;
				IPHONEOS_DEPLOYMENT_TARGET = 14.4;
				MTL_ENABLE_DEBUG_INFO = INCLUDE_SOURCE;
				MTL_FAST_MATH = YES;
				ONLY_ACTIVE_ARCH = YES;
				SDKROOT = iphoneos;
				SWIFT_ACTIVE_COMPILATION_CONDITIONS = DEBUG;
				SWIFT_OPTIMIZATION_LEVEL = "-Onone";
			};
			name = Debug;
		};
		F38F2388271B69C5000C5688 /* Release */ = {
			isa = XCBuildConfiguration;
			buildSettings = {
				ALWAYS_SEARCH_USER_PATHS = NO;
				CLANG_ANALYZER_NONNULL = YES;
				CLANG_ANALYZER_NUMBER_OBJECT_CONVERSION = YES_AGGRESSIVE;
				CLANG_CXX_LANGUAGE_STANDARD = "gnu++14";
				CLANG_CXX_LIBRARY = "libc++";
				CLANG_ENABLE_MODULES = YES;
				CLANG_ENABLE_OBJC_ARC = YES;
				CLANG_ENABLE_OBJC_WEAK = YES;
				CLANG_WARN_BLOCK_CAPTURE_AUTORELEASING = YES;
				CLANG_WARN_BOOL_CONVERSION = YES;
				CLANG_WARN_COMMA = YES;
				CLANG_WARN_CONSTANT_CONVERSION = YES;
				CLANG_WARN_DEPRECATED_OBJC_IMPLEMENTATIONS = YES;
				CLANG_WARN_DIRECT_OBJC_ISA_USAGE = YES_ERROR;
				CLANG_WARN_DOCUMENTATION_COMMENTS = YES;
				CLANG_WARN_EMPTY_BODY = YES;
				CLANG_WARN_ENUM_CONVERSION = YES;
				CLANG_WARN_INFINITE_RECURSION = YES;
				CLANG_WARN_INT_CONVERSION = YES;
				CLANG_WARN_NON_LITERAL_NULL_CONVERSION = YES;
				CLANG_WARN_OBJC_IMPLICIT_RETAIN_SELF = YES;
				CLANG_WARN_OBJC_LITERAL_CONVERSION = YES;
				CLANG_WARN_OBJC_ROOT_CLASS = YES_ERROR;
				CLANG_WARN_QUOTED_INCLUDE_IN_FRAMEWORK_HEADER = YES;
				CLANG_WARN_RANGE_LOOP_ANALYSIS = YES;
				CLANG_WARN_STRICT_PROTOTYPES = YES;
				CLANG_WARN_SUSPICIOUS_MOVE = YES;
				CLANG_WARN_UNGUARDED_AVAILABILITY = YES_AGGRESSIVE;
				CLANG_WARN_UNREACHABLE_CODE = YES;
				CLANG_WARN__DUPLICATE_METHOD_MATCH = YES;
				COPY_PHASE_STRIP = NO;
				DEBUG_INFORMATION_FORMAT = "dwarf-with-dsym";
				ENABLE_NS_ASSERTIONS = NO;
				ENABLE_STRICT_OBJC_MSGSEND = YES;
				GCC_C_LANGUAGE_STANDARD = gnu11;
				GCC_NO_COMMON_BLOCKS = YES;
				GCC_WARN_64_TO_32_BIT_CONVERSION = YES;
				GCC_WARN_ABOUT_RETURN_TYPE = YES_ERROR;
				GCC_WARN_UNDECLARED_SELECTOR = YES;
				GCC_WARN_UNINITIALIZED_AUTOS = YES_AGGRESSIVE;
				GCC_WARN_UNUSED_FUNCTION = YES;
				GCC_WARN_UNUSED_VARIABLE = YES;
				IPHONEOS_DEPLOYMENT_TARGET = 14.4;
				MTL_ENABLE_DEBUG_INFO = NO;
				MTL_FAST_MATH = YES;
				SDKROOT = iphoneos;
				SWIFT_COMPILATION_MODE = wholemodule;
				SWIFT_OPTIMIZATION_LEVEL = "-O";
				VALIDATE_PRODUCT = YES;
			};
			name = Release;
		};
		F38F238A271B69C5000C5688 /* Debug */ = {
			isa = XCBuildConfiguration;
			buildSettings = {
				ASSETCATALOG_COMPILER_APPICON_NAME = AppIcon;
				ASSETCATALOG_COMPILER_GLOBAL_ACCENT_COLOR_NAME = AccentColor;
				CODE_SIGN_STYLE = Automatic;
				INFOPLIST_FILE = AppStore/Info.plist;
				LD_RUNPATH_SEARCH_PATHS = (
					"$(inherited)",
					"@executable_path/Frameworks",
				);
				PRODUCT_BUNDLE_IDENTIFIER = luiza.AppStore;
				PRODUCT_NAME = "$(TARGET_NAME)";
				SWIFT_VERSION = 5.0;
				TARGETED_DEVICE_FAMILY = "1,2";
			};
			name = Debug;
		};
		F38F238B271B69C5000C5688 /* Release */ = {
			isa = XCBuildConfiguration;
			buildSettings = {
				ASSETCATALOG_COMPILER_APPICON_NAME = AppIcon;
				ASSETCATALOG_COMPILER_GLOBAL_ACCENT_COLOR_NAME = AccentColor;
				CODE_SIGN_STYLE = Automatic;
				INFOPLIST_FILE = AppStore/Info.plist;
				LD_RUNPATH_SEARCH_PATHS = (
					"$(inherited)",
					"@executable_path/Frameworks",
				);
				PRODUCT_BUNDLE_IDENTIFIER = luiza.AppStore;
				PRODUCT_NAME = "$(TARGET_NAME)";
				SWIFT_VERSION = 5.0;
				TARGETED_DEVICE_FAMILY = "1,2";
			};
			name = Release;
		};
		F38F238D271B69C5000C5688 /* Debug */ = {
			isa = XCBuildConfiguration;
			buildSettings = {
				ALWAYS_EMBED_SWIFT_STANDARD_LIBRARIES = YES;
				BUNDLE_LOADER = "$(TEST_HOST)";
				CODE_SIGN_STYLE = Automatic;
				INFOPLIST_FILE = AppStoreTests/Info.plist;
				IPHONEOS_DEPLOYMENT_TARGET = 14.4;
				LD_RUNPATH_SEARCH_PATHS = (
					"$(inherited)",
					"@executable_path/Frameworks",
					"@loader_path/Frameworks",
				);
				PRODUCT_BUNDLE_IDENTIFIER = luiza.AppStoreTests;
				PRODUCT_NAME = "$(TARGET_NAME)";
				SWIFT_VERSION = 5.0;
				TARGETED_DEVICE_FAMILY = "1,2";
				TEST_HOST = "$(BUILT_PRODUCTS_DIR)/AppStore.app/AppStore";
			};
			name = Debug;
		};
		F38F238E271B69C5000C5688 /* Release */ = {
			isa = XCBuildConfiguration;
			buildSettings = {
				ALWAYS_EMBED_SWIFT_STANDARD_LIBRARIES = YES;
				BUNDLE_LOADER = "$(TEST_HOST)";
				CODE_SIGN_STYLE = Automatic;
				INFOPLIST_FILE = AppStoreTests/Info.plist;
				IPHONEOS_DEPLOYMENT_TARGET = 14.4;
				LD_RUNPATH_SEARCH_PATHS = (
					"$(inherited)",
					"@executable_path/Frameworks",
					"@loader_path/Frameworks",
				);
				PRODUCT_BUNDLE_IDENTIFIER = luiza.AppStoreTests;
				PRODUCT_NAME = "$(TARGET_NAME)";
				SWIFT_VERSION = 5.0;
				TARGETED_DEVICE_FAMILY = "1,2";
				TEST_HOST = "$(BUILT_PRODUCTS_DIR)/AppStore.app/AppStore";
			};
			name = Release;
		};
		F38F2390271B69C5000C5688 /* Debug */ = {
			isa = XCBuildConfiguration;
			buildSettings = {
				ALWAYS_EMBED_SWIFT_STANDARD_LIBRARIES = YES;
				CODE_SIGN_STYLE = Automatic;
				INFOPLIST_FILE = AppStoreUITests/Info.plist;
				LD_RUNPATH_SEARCH_PATHS = (
					"$(inherited)",
					"@executable_path/Frameworks",
					"@loader_path/Frameworks",
				);
				PRODUCT_BUNDLE_IDENTIFIER = luiza.AppStoreUITests;
				PRODUCT_NAME = "$(TARGET_NAME)";
				SWIFT_VERSION = 5.0;
				TARGETED_DEVICE_FAMILY = "1,2";
				TEST_TARGET_NAME = AppStore;
			};
			name = Debug;
		};
		F38F2391271B69C5000C5688 /* Release */ = {
			isa = XCBuildConfiguration;
			buildSettings = {
				ALWAYS_EMBED_SWIFT_STANDARD_LIBRARIES = YES;
				CODE_SIGN_STYLE = Automatic;
				INFOPLIST_FILE = AppStoreUITests/Info.plist;
				LD_RUNPATH_SEARCH_PATHS = (
					"$(inherited)",
					"@executable_path/Frameworks",
					"@loader_path/Frameworks",
				);
				PRODUCT_BUNDLE_IDENTIFIER = luiza.AppStoreUITests;
				PRODUCT_NAME = "$(TARGET_NAME)";
				SWIFT_VERSION = 5.0;
				TARGETED_DEVICE_FAMILY = "1,2";
				TEST_TARGET_NAME = AppStore;
			};
			name = Release;
		};
/* End XCBuildConfiguration section */

/* Begin XCConfigurationList section */
		F38F235A271B69B9000C5688 /* Build configuration list for PBXProject "AppStore" */ = {
			isa = XCConfigurationList;
			buildConfigurations = (
				F38F2387271B69C5000C5688 /* Debug */,
				F38F2388271B69C5000C5688 /* Release */,
			);
			defaultConfigurationIsVisible = 0;
			defaultConfigurationName = Release;
		};
		F38F2389271B69C5000C5688 /* Build configuration list for PBXNativeTarget "AppStore" */ = {
			isa = XCConfigurationList;
			buildConfigurations = (
				F38F238A271B69C5000C5688 /* Debug */,
				F38F238B271B69C5000C5688 /* Release */,
			);
			defaultConfigurationIsVisible = 0;
			defaultConfigurationName = Release;
		};
		F38F238C271B69C5000C5688 /* Build configuration list for PBXNativeTarget "AppStoreTests" */ = {
			isa = XCConfigurationList;
			buildConfigurations = (
				F38F238D271B69C5000C5688 /* Debug */,
				F38F238E271B69C5000C5688 /* Release */,
			);
			defaultConfigurationIsVisible = 0;
			defaultConfigurationName = Release;
		};
		F38F238F271B69C5000C5688 /* Build configuration list for PBXNativeTarget "AppStoreUITests" */ = {
			isa = XCConfigurationList;
			buildConfigurations = (
				F38F2390271B69C5000C5688 /* Debug */,
				F38F2391271B69C5000C5688 /* Release */,
			);
			defaultConfigurationIsVisible = 0;
			defaultConfigurationName = Release;
		};
/* End XCConfigurationList section */
	};
	rootObject = F38F2357271B69B9000C5688 /* Project object */;
}
